// !$*UTF8*$!
{
	archiveVersion = 1;
	classes = {
	};
	objectVersion = 90;
	objects = {

/* Begin PBXBuildFile section */
		A10000000000000000000001 /* CaffeineCore in Frameworks */ = {isa = PBXBuildFile; productRef = A10000000000000000000002 /* CaffeineCore */; };
		B20000000000000000000001 /* CaffeineServiceProtocol in Frameworks */ = {isa = PBXBuildFile; productRef = B20000000000000000000011 /* CaffeineServiceProtocol */; };
		B20000000000000000000002 /* CaffeineHelperCore in Frameworks */ = {isa = PBXBuildFile; productRef = B20000000000000000000012 /* CaffeineHelperCore */; };
		B20000000000000000000003 /* CaffeineSystemPower in Frameworks */ = {isa = PBXBuildFile; productRef = B20000000000000000000013 /* CaffeineSystemPower */; };
		B20000000000000000000004 /* CaffeineServiceProtocol in Frameworks */ = {isa = PBXBuildFile; productRef = B20000000000000000000011 /* CaffeineServiceProtocol */; };
		B20000000000000000000005 /* CaffeineHelper in Embed Helper */ = {isa = PBXBuildFile; fileRef = B20000000000000000000020 /* CaffeineHelper */; settings = {ATTRIBUTES = (CodeSignOnCopy, ); }; };
		B20000000000000000000006 /* Service/com.serhiital.Caffeine.Helper.plist in Embed LaunchDaemon */ = {isa = PBXBuildFile; fileRef = B20000000000000000000021 /* Service/com.serhiital.Caffeine.Helper.plist */; };
		C30000000000000000000001 /* CaffeineLogging in Frameworks */ = {isa = PBXBuildFile; productRef = C30000000000000000000011 /* CaffeineLogging */; };
		C30000000000000000000002 /* CaffeineLogging in Frameworks */ = {isa = PBXBuildFile; productRef = C30000000000000000000011 /* CaffeineLogging */; };
		D40000000000000000000001 /* THIRD_PARTY_NOTICES.md in Resources */ = {isa = PBXBuildFile; fileRef = D40000000000000000000002 /* THIRD_PARTY_NOTICES.md */; };
/* End PBXBuildFile section */

/* Begin PBXContainerItemProxy section */
		B20000000000000000000060 /* PBXContainerItemProxy */ = {
			isa = PBXContainerItemProxy;
			containerPortal = 000000000000000000000000 /* Project object */;
			proxyType = 1;
			remoteGlobalIDString = B20000000000000000000040;
			remoteInfo = CaffeineHelper;
		};
/* End PBXContainerItemProxy section */

/* Begin PBXCopyFilesBuildPhase section */
		B20000000000000000000062 /* Embed Helper */ = {
			isa = PBXCopyFilesBuildPhase;
			dstPath = "";
			dstSubfolder = Executables;
			files = (
				B20000000000000000000005 /* CaffeineHelper in Embed Helper */,
			);
			name = "Embed Helper";
		};
		B20000000000000000000063 /* Embed LaunchDaemon */ = {
			isa = PBXCopyFilesBuildPhase;
			dstPath = Contents/Library/LaunchDaemons;
			dstSubfolder = Wrapper;
			files = (
				B20000000000000000000006 /* Service/com.serhiital.Caffeine.Helper.plist in Embed LaunchDaemon */,
			);
			name = "Embed LaunchDaemon";
		};
/* End PBXCopyFilesBuildPhase section */

/* Begin PBXFileReference section */
		000000000000000000000120 /* Caffeine.app */ = {isa = PBXFileReference; explicitFileType = wrapper.application; includeInIndex = 0; path = Caffeine.app; sourceTree = BUILT_PRODUCTS_DIR; };
		B20000000000000000000020 /* CaffeineHelper */ = {isa = PBXFileReference; explicitFileType = "compiled.mach-o.executable"; path = CaffeineHelper; sourceTree = BUILT_PRODUCTS_DIR; };
		B20000000000000000000021 /* Service/com.serhiital.Caffeine.Helper.plist */ = {isa = PBXFileReference; lastKnownFileType = text.plist.xml; path = Service/com.serhiital.Caffeine.Helper.plist; sourceTree = "<group>"; };
		D40000000000000000000002 /* THIRD_PARTY_NOTICES.md */ = {isa = PBXFileReference; lastKnownFileType = net.daringfireball.markdown; path = THIRD_PARTY_NOTICES.md; sourceTree = "<group>"; };
/* End PBXFileReference section */

/* Begin PBXFileSystemSynchronizedRootGroup section */
		000000000000000000000010 /* Caffeine */ = {
			isa = PBXFileSystemSynchronizedRootGroup;
			path = Caffeine;
			sourceTree = "<group>";
		};
		B20000000000000000000022 /* CaffeineHelper */ = {
			isa = PBXFileSystemSynchronizedRootGroup;
			path = CaffeineHelper;
			sourceTree = "<group>";
		};
/* End PBXFileSystemSynchronizedRootGroup section */

/* Begin PBXFrameworksBuildPhase section */
		000000000000000130000000 /* Frameworks */ = {
			isa = PBXFrameworksBuildPhase;
			files = (
				A10000000000000000000001 /* CaffeineCore in Frameworks */,
				B20000000000000000000001 /* CaffeineServiceProtocol in Frameworks */,
				C30000000000000000000001 /* CaffeineLogging in Frameworks */,
			);
		};
		B20000000000000000000030 /* Frameworks */ = {
			isa = PBXFrameworksBuildPhase;
			files = (
				B20000000000000000000002 /* CaffeineHelperCore in Frameworks */,
				B20000000000000000000003 /* CaffeineSystemPower in Frameworks */,
				B20000000000000000000004 /* CaffeineServiceProtocol in Frameworks */,
				C30000000000000000000002 /* CaffeineLogging in Frameworks */,
			);
		};
/* End PBXFrameworksBuildPhase section */

/* Begin PBXGroup section */
		000000000000000000000001 = {
			isa = PBXGroup;
			children = (
				000000000000000000000010 /* Caffeine */,
				000000000000000000000020 /* Products */,
				B20000000000000000000022 /* CaffeineHelper */,
				B20000000000000000000021 /* Service/com.serhiital.Caffeine.Helper.plist */,
				D40000000000000000000002 /* THIRD_PARTY_NOTICES.md */,
			);
			sourceTree = "<group>";
		};
		000000000000000000000020 /* Products */ = {
			isa = PBXGroup;
			children = (
				000000000000000000000120 /* Caffeine.app */,
				B20000000000000000000020 /* CaffeineHelper */,
			);
			name = Products;
			sourceTree = "<group>";
		};
/* End PBXGroup section */

/* Begin PBXNativeTarget section */
		000000000000000100000000 /* Caffeine */ = {
			isa = PBXNativeTarget;
			buildConfigurationList = 000000000000000110000000 /* Build configuration list for PBXNativeTarget "Caffeine" */;
			buildPhases = (
				000000000000000120000000 /* Sources */,
				000000000000000130000000 /* Frameworks */,
				000000000000000140000000 /* Resources */,
				B20000000000000000000062 /* Embed Helper */,
				B20000000000000000000063 /* Embed LaunchDaemon */,
			);
			buildRules = (
			);
			dependencies = (
				B20000000000000000000061 /* PBXTargetDependency */,
			);
			fileSystemSynchronizedGroups = (
				000000000000000000000010 /* Caffeine */,
			);
			name = Caffeine;
			packageProductDependencies = (
				A10000000000000000000002 /* CaffeineCore */,
				B20000000000000000000011 /* CaffeineServiceProtocol */,
				C30000000000000000000011 /* CaffeineLogging */,
			);
			productName = Caffeine;
			productReference = 000000000000000000000120 /* Caffeine.app */;
			productType = "com.apple.product-type.application";
		};
		B20000000000000000000040 /* CaffeineHelper */ = {
			isa = PBXNativeTarget;
			buildConfigurationList = B20000000000000000000050 /* Build configuration list for PBXNativeTarget "CaffeineHelper" */;
			buildPhases = (
				B20000000000000000000031 /* Sources */,
				B20000000000000000000030 /* Frameworks */,
			);
			buildRules = (
			);
			fileSystemSynchronizedGroups = (
				B20000000000000000000022 /* CaffeineHelper */,
			);
			name = CaffeineHelper;
			packageProductDependencies = (
				B20000000000000000000011 /* CaffeineServiceProtocol */,
				B20000000000000000000012 /* CaffeineHelperCore */,
				B20000000000000000000013 /* CaffeineSystemPower */,
				C30000000000000000000011 /* CaffeineLogging */,
			);
			productName = CaffeineHelper;
			productReference = B20000000000000000000020 /* CaffeineHelper */;
			productType = "com.apple.product-type.tool";
		};
/* End PBXNativeTarget section */

/* Begin PBXProject section */
		000000000000000000000000 /* Project object */ = {
			isa = PBXProject;
			attributes = {
				BuildIndependentTargetsInParallel = 1;
				LastSwiftUpdateCheck = 2630;
				LastUpgradeCheck = 2700;
				TargetAttributes = {
					000000000000000100000000 = {
						CreatedOnToolsVersion = 26.3;
					};
				};
			};
			buildConfigurationList = 000000000000000010000000 /* Build configuration list for PBXProject "Caffeine" */;
			developmentRegion = en;
			hasScannedForEncodings = 0;
			knownRegions = (
				en,
				Base,
			);
			mainGroup = 000000000000000000000001;
			minimizedProjectReferenceProxies = 1;
			packageReferences = (
				A10000000000000000000003 /* XCLocalSwiftPackageReference "Core" */,
			);
			preferredProjectObjectVersion = 90;
			productRefGroup = 000000000000000000000020 /* Products */;
			projectDirPath = "";
			projectRoot = "";
			targets = (
				000000000000000100000000 /* Caffeine */,
				B20000000000000000000040 /* CaffeineHelper */,
			);
		};
/* End PBXProject section */

/* Begin PBXResourcesBuildPhase section */
		000000000000000140000000 /* Resources */ = {
			isa = PBXResourcesBuildPhase;
			files = (
				D40000000000000000000001 /* THIRD_PARTY_NOTICES.md in Resources */,
			);
		};
/* End PBXResourcesBuildPhase section */

/* Begin PBXSourcesBuildPhase section */
		000000000000000120000000 /* Sources */ = {
			isa = PBXSourcesBuildPhase;
			files = (
			);
		};
		B20000000000000000000031 /* Sources */ = {
			isa = PBXSourcesBuildPhase;
			files = (
			);
		};
/* End PBXSourcesBuildPhase section */

/* Begin PBXTargetDependency section */
		B20000000000000000000061 /* PBXTargetDependency */ = {
			isa = PBXTargetDependency;
			target = B20000000000000000000040 /* CaffeineHelper */;
			targetProxy = B20000000000000000000060 /* PBXContainerItemProxy */;
		};
/* End PBXTargetDependency section */

/* Begin XCBuildConfiguration section */
		000000000000000011000000 /* Debug configuration for PBXProject "Caffeine" */ = {
			isa = XCBuildConfiguration;
			buildSettings = {
				ALWAYS_SEARCH_USER_PATHS = NO;
				ASSETCATALOG_COMPILER_GENERATE_SWIFT_ASSET_SYMBOL_EXTENSIONS = YES;
				CLANG_ANALYZER_NONNULL = YES;
				CLANG_ANALYZER_NUMBER_OBJECT_CONVERSION = YES_AGGRESSIVE;
				CLANG_CXX_LANGUAGE_STANDARD = "gnu++20";
				CLANG_ENABLE_MODULES = YES;
				CLANG_ENABLE_OBJC_ARC = YES;
				CLANG_ENABLE_OBJC_WEAK = YES;
				CLANG_WARN_BLOCK_CAPTURE_AUTORELEASING = YES;
				CLANG_WARN_BOOL_CONVERSION = YES;
				CLANG_WARN_COMMA = YES;
				CLANG_WARN_CONSTANT_CONVERSION = YES;
				CLANG_WARN_DEPRECATED_OBJC_IMPLEMENTATIONS = YES;
				CLANG_WARN_DIRECT_OBJC_ISA_USAGE = YES_ERROR;
				CLANG_WARN_DOCUMENTATION_COMMENTS = YES;
				CLANG_WARN_EMPTY_BODY = YES;
				CLANG_WARN_ENUM_CONVERSION = YES;
				CLANG_WARN_INFINITE_RECURSION = YES;
				CLANG_WARN_INT_CONVERSION = YES;
				CLANG_WARN_NON_LITERAL_NULL_CONVERSION = YES;
				CLANG_WARN_OBJC_IMPLICIT_RETAIN_SELF = YES;
				CLANG_WARN_OBJC_LITERAL_CONVERSION = YES;
				CLANG_WARN_OBJC_ROOT_CLASS = YES_ERROR;
				CLANG_WARN_QUOTED_INCLUDE_IN_FRAMEWORK_HEADER = YES;
				CLANG_WARN_RANGE_LOOP_ANALYSIS = YES;
				CLANG_WARN_STRICT_PROTOTYPES = YES;
				CLANG_WARN_SUSPICIOUS_MOVE = YES;
				CLANG_WARN_UNGUARDED_AVAILABILITY = YES_AGGRESSIVE;
				CLANG_WARN_UNREACHABLE_CODE = YES;
				CLANG_WARN__DUPLICATE_METHOD_MATCH = YES;
				COPY_PHASE_STRIP = NO;
				DEAD_CODE_STRIPPING = YES;
				DEBUG_INFORMATION_FORMAT = dwarf;
				ENABLE_STRICT_OBJC_MSGSEND = YES;
				ENABLE_TESTABILITY = YES;
				ENABLE_USER_SCRIPT_SANDBOXING = YES;
				GCC_C_LANGUAGE_STANDARD = gnu17;
				GCC_DYNAMIC_NO_PIC = NO;
				GCC_NO_COMMON_BLOCKS = YES;
				GCC_OPTIMIZATION_LEVEL = 0;
				GCC_PREPROCESSOR_DEFINITIONS = (
					"DEBUG=1",
					"$(inherited)",
				);
				GCC_WARN_64_TO_32_BIT_CONVERSION = YES;
				GCC_WARN_ABOUT_RETURN_TYPE = YES_ERROR;
				GCC_WARN_UNDECLARED_SELECTOR = YES;
				GCC_WARN_UNINITIALIZED_AUTOS = YES_AGGRESSIVE;
				GCC_WARN_UNUSED_FUNCTION = YES;
				GCC_WARN_UNUSED_VARIABLE = YES;
				LOCALIZATION_PREFERS_STRING_CATALOGS = YES;
				MACOSX_DEPLOYMENT_TARGET = 27.0;
				MTL_ENABLE_DEBUG_INFO = INCLUDE_SOURCE;
				MTL_FAST_MATH = YES;
				ONLY_ACTIVE_ARCH = YES;
				PROJECT_UNIQUE_VALUE = UEFFPSOU;
				STRING_CATALOG_GENERATE_SYMBOLS = YES;
				SWIFT_ACTIVE_COMPILATION_CONDITIONS = "DEBUG $(inherited)";
				SWIFT_OPTIMIZATION_LEVEL = "-Onone";
			};
			name = Debug;
		};
		000000000000000012000000 /* Release configuration for PBXProject "Caffeine" */ = {
			isa = XCBuildConfiguration;
			buildSettings = {
				ALWAYS_SEARCH_USER_PATHS = NO;
				ASSETCATALOG_COMPILER_GENERATE_SWIFT_ASSET_SYMBOL_EXTENSIONS = YES;
				CLANG_ANALYZER_NONNULL = YES;
				CLANG_ANALYZER_NUMBER_OBJECT_CONVERSION = YES_AGGRESSIVE;
				CLANG_CXX_LANGUAGE_STANDARD = "gnu++20";
				CLANG_ENABLE_MODULES = YES;
				CLANG_ENABLE_OBJC_ARC = YES;
				CLANG_ENABLE_OBJC_WEAK = YES;
				CLANG_WARN_BLOCK_CAPTURE_AUTORELEASING = YES;
				CLANG_WARN_BOOL_CONVERSION = YES;
				CLANG_WARN_COMMA = YES;
				CLANG_WARN_CONSTANT_CONVERSION = YES;
				CLANG_WARN_DEPRECATED_OBJC_IMPLEMENTATIONS = YES;
				CLANG_WARN_DIRECT_OBJC_ISA_USAGE = YES_ERROR;
				CLANG_WARN_DOCUMENTATION_COMMENTS = YES;
				CLANG_WARN_EMPTY_BODY = YES;
				CLANG_WARN_ENUM_CONVERSION = YES;
				CLANG_WARN_INFINITE_RECURSION = YES;
				CLANG_WARN_INT_CONVERSION = YES;
				CLANG_WARN_NON_LITERAL_NULL_CONVERSION = YES;
				CLANG_WARN_OBJC_IMPLICIT_RETAIN_SELF = YES;
				CLANG_WARN_OBJC_LITERAL_CONVERSION = YES;
				CLANG_WARN_OBJC_ROOT_CLASS = YES_ERROR;
				CLANG_WARN_QUOTED_INCLUDE_IN_FRAMEWORK_HEADER = YES;
				CLANG_WARN_RANGE_LOOP_ANALYSIS = YES;
				CLANG_WARN_STRICT_PROTOTYPES = YES;
				CLANG_WARN_SUSPICIOUS_MOVE = YES;
				CLANG_WARN_UNGUARDED_AVAILABILITY = YES_AGGRESSIVE;
				CLANG_WARN_UNREACHABLE_CODE = YES;
				CLANG_WARN__DUPLICATE_METHOD_MATCH = YES;
				CODE_SIGN_INJECT_BASE_ENTITLEMENTS = NO;
				COPY_PHASE_STRIP = NO;
				DEAD_CODE_STRIPPING = YES;
				DEBUG_INFORMATION_FORMAT = "dwarf-with-dsym";
				ENABLE_NS_ASSERTIONS = NO;
				ENABLE_STRICT_OBJC_MSGSEND = YES;
				ENABLE_USER_SCRIPT_SANDBOXING = YES;
				GCC_C_LANGUAGE_STANDARD = gnu17;
				GCC_NO_COMMON_BLOCKS = YES;
				GCC_WARN_64_TO_32_BIT_CONVERSION = YES;
				GCC_WARN_ABOUT_RETURN_TYPE = YES_ERROR;
				GCC_WARN_UNDECLARED_SELECTOR = YES;
				GCC_WARN_UNINITIALIZED_AUTOS = YES_AGGRESSIVE;
				GCC_WARN_UNUSED_FUNCTION = YES;
				GCC_WARN_UNUSED_VARIABLE = YES;
				LOCALIZATION_PREFERS_STRING_CATALOGS = YES;
				MACOSX_DEPLOYMENT_TARGET = 27.0;
				MTL_ENABLE_DEBUG_INFO = NO;
				MTL_FAST_MATH = YES;
				OTHER_CODE_SIGN_FLAGS = "--timestamp";
				PROJECT_UNIQUE_VALUE = UEFFPSOU;
				STRING_CATALOG_GENERATE_SYMBOLS = YES;
				SWIFT_COMPILATION_MODE = wholemodule;
			};
			name = Release;
		};
		000000000000000111000000 /* Debug configuration for PBXNativeTarget "Caffeine" */ = {
			isa = XCBuildConfiguration;
			buildSettings = {
				ASSETCATALOG_COMPILER_APPICON_NAME = AppIcon;
				CODE_SIGN_STYLE = Automatic;
				CURRENT_PROJECT_VERSION = 1;
				DEVELOPMENT_TEAM = WQ33LA2JZ5;
				ENABLE_APP_SANDBOX = NO;
				ENABLE_HARDENED_RUNTIME = YES;
				ENABLE_PREVIEWS = YES;
				GENERATE_INFOPLIST_FILE = YES;
				INFOPLIST_KEY_CFBundleDisplayName = Caffeine;
				INFOPLIST_KEY_LSApplicationCategoryType = "public.app-category.utilities";
				INFOPLIST_KEY_LSUIElement = YES;
				"LD_RUNPATH_SEARCH_PATHS[sdk=macosx*]" = "@executable_path/../Frameworks";
				MACOSX_DEPLOYMENT_TARGET = 26.0;
				MARKETING_VERSION = 1.0.0;
				PRODUCT_BUNDLE_IDENTIFIER = com.serhiital.Caffeine;
				PRODUCT_NAME = "$(TARGET_NAME)";
				SDKROOT = macosx;
				STRING_CATALOG_GENERATE_SYMBOLS = YES;
				SUPPORTED_PLATFORMS = macosx;
				SWIFT_APPROACHABLE_CONCURRENCY = YES;
				SWIFT_DEFAULT_ACTOR_ISOLATION = MainActor;
				SWIFT_EMIT_LOC_STRINGS = YES;
				SWIFT_UPCOMING_FEATURE_MEMBER_IMPORT_VISIBILITY = YES;
				SWIFT_VERSION = 6.0;
			};
			name = Debug;
		};
		000000000000000112000000 /* Release configuration for PBXNativeTarget "Caffeine" */ = {
			isa = XCBuildConfiguration;
			buildSettings = {
				ASSETCATALOG_COMPILER_APPICON_NAME = AppIcon;
				CODE_SIGN_STYLE = Automatic;
				CURRENT_PROJECT_VERSION = 1;
				DEVELOPMENT_TEAM = WQ33LA2JZ5;
				ENABLE_APP_SANDBOX = NO;
				ENABLE_HARDENED_RUNTIME = YES;
				ENABLE_PREVIEWS = YES;
				GENERATE_INFOPLIST_FILE = YES;
				INFOPLIST_KEY_CFBundleDisplayName = Caffeine;
				INFOPLIST_KEY_LSApplicationCategoryType = "public.app-category.utilities";
				INFOPLIST_KEY_LSUIElement = YES;
				"LD_RUNPATH_SEARCH_PATHS[sdk=macosx*]" = "@executable_path/../Frameworks";
				MACOSX_DEPLOYMENT_TARGET = 26.0;
				MARKETING_VERSION = 1.0.0;
				PRODUCT_BUNDLE_IDENTIFIER = com.serhiital.Caffeine;
				PRODUCT_NAME = "$(TARGET_NAME)";
				SDKROOT = macosx;
				STRING_CATALOG_GENERATE_SYMBOLS = YES;
				SUPPORTED_PLATFORMS = macosx;
				SWIFT_APPROACHABLE_CONCURRENCY = YES;
				SWIFT_DEFAULT_ACTOR_ISOLATION = MainActor;
				SWIFT_EMIT_LOC_STRINGS = YES;
				SWIFT_UPCOMING_FEATURE_MEMBER_IMPORT_VISIBILITY = YES;
				SWIFT_VERSION = 6.0;
			};
			name = Release;
		};
		B20000000000000000000051 /* Debug configuration for PBXNativeTarget "CaffeineHelper" */ = {
			isa = XCBuildConfiguration;
			buildSettings = {
				CODE_SIGN_STYLE = Automatic;
				CREATE_INFOPLIST_SECTION_IN_BINARY = YES;
				CURRENT_PROJECT_VERSION = 3;
				DEVELOPMENT_TEAM = WQ33LA2JZ5;
				ENABLE_APP_SANDBOX = NO;
				ENABLE_HARDENED_RUNTIME = YES;
				GENERATE_INFOPLIST_FILE = YES;
				INFOPLIST_KEY_CFBundleIdentifier = "$(PRODUCT_BUNDLE_IDENTIFIER)";
				MACOSX_DEPLOYMENT_TARGET = 26.0;
				OTHER_CODE_SIGN_FLAGS = "--identifier $(PRODUCT_BUNDLE_IDENTIFIER)";
				PRODUCT_BUNDLE_IDENTIFIER = com.serhiital.Caffeine.Helper;
				PRODUCT_NAME = "$(TARGET_NAME)";
				SDKROOT = macosx;
				SKIP_INSTALL = YES;
				SUPPORTED_PLATFORMS = macosx;
				SWIFT_OBJC_BRIDGING_HEADER = CaffeineHelper/PowerMessages.h;
				SWIFT_VERSION = 6.0;
			};
			name = Debug;
		};
		B20000000000000000000052 /* Release configuration for PBXNativeTarget "CaffeineHelper" */ = {
			isa = XCBuildConfiguration;
			buildSettings = {
				CODE_SIGN_STYLE = Automatic;
				CREATE_INFOPLIST_SECTION_IN_BINARY = YES;
				CURRENT_PROJECT_VERSION = 3;
				DEVELOPMENT_TEAM = WQ33LA2JZ5;
				ENABLE_APP_SANDBOX = NO;
				ENABLE_HARDENED_RUNTIME = YES;
				GENERATE_INFOPLIST_FILE = YES;
				INFOPLIST_KEY_CFBundleIdentifier = "$(PRODUCT_BUNDLE_IDENTIFIER)";
				MACOSX_DEPLOYMENT_TARGET = 26.0;
				OTHER_CODE_SIGN_FLAGS = "--identifier $(PRODUCT_BUNDLE_IDENTIFIER) --timestamp";
				PRODUCT_BUNDLE_IDENTIFIER = com.serhiital.Caffeine.Helper;
				PRODUCT_NAME = "$(TARGET_NAME)";
				SDKROOT = macosx;
				SKIP_INSTALL = YES;
				SUPPORTED_PLATFORMS = macosx;
				SWIFT_OBJC_BRIDGING_HEADER = CaffeineHelper/PowerMessages.h;
				SWIFT_VERSION = 6.0;
			};
			name = Release;
		};
/* End XCBuildConfiguration section */

/* Begin XCConfigurationList section */
		000000000000000010000000 /* Build configuration list for PBXProject "Caffeine" */ = {
			isa = XCConfigurationList;
			buildConfigurations = (
				000000000000000011000000 /* Debug configuration for PBXProject "Caffeine" */,
				000000000000000012000000 /* Release configuration for PBXProject "Caffeine" */,
			);
			defaultConfigurationName = Release;
		};
		000000000000000110000000 /* Build configuration list for PBXNativeTarget "Caffeine" */ = {
			isa = XCConfigurationList;
			buildConfigurations = (
				000000000000000111000000 /* Debug configuration for PBXNativeTarget "Caffeine" */,
				000000000000000112000000 /* Release configuration for PBXNativeTarget "Caffeine" */,
			);
			defaultConfigurationName = Release;
		};
		B20000000000000000000050 /* Build configuration list for PBXNativeTarget "CaffeineHelper" */ = {
			isa = XCConfigurationList;
			buildConfigurations = (
				B20000000000000000000051 /* Debug configuration for PBXNativeTarget "CaffeineHelper" */,
				B20000000000000000000052 /* Release configuration for PBXNativeTarget "CaffeineHelper" */,
			);
			defaultConfigurationName = Release;
		};
/* End XCConfigurationList section */

/* Begin XCLocalSwiftPackageReference section */
		A10000000000000000000003 /* XCLocalSwiftPackageReference "Core" */ = {
			isa = XCLocalSwiftPackageReference;
			relativePath = Core;
		};
/* End XCLocalSwiftPackageReference section */

/* Begin XCSwiftPackageProductDependency section */
		A10000000000000000000002 /* CaffeineCore */ = {
			isa = XCSwiftPackageProductDependency;
			package = A10000000000000000000003 /* XCLocalSwiftPackageReference "Core" */;
			productName = CaffeineCore;
		};
		B20000000000000000000011 /* CaffeineServiceProtocol */ = {
			isa = XCSwiftPackageProductDependency;
			package = A10000000000000000000003 /* XCLocalSwiftPackageReference "Core" */;
			productName = CaffeineServiceProtocol;
		};
		B20000000000000000000012 /* CaffeineHelperCore */ = {
			isa = XCSwiftPackageProductDependency;
			package = A10000000000000000000003 /* XCLocalSwiftPackageReference "Core" */;
			productName = CaffeineHelperCore;
		};
		B20000000000000000000013 /* CaffeineSystemPower */ = {
			isa = XCSwiftPackageProductDependency;
			package = A10000000000000000000003 /* XCLocalSwiftPackageReference "Core" */;
			productName = CaffeineSystemPower;
		};
		C30000000000000000000011 /* CaffeineLogging */ = {
			isa = XCSwiftPackageProductDependency;
			package = A10000000000000000000003 /* XCLocalSwiftPackageReference "Core" */;
			productName = CaffeineLogging;
		};
/* End XCSwiftPackageProductDependency section */
	};
	rootObject = 000000000000000000000000 /* Project object */;
}
